
Microsoft Visual Studio Solution File, Format Version 12.00
# Visual Studio Version 16
VisualStudioVersion = 16.0.32510.428
MinimumVisualStudioVersion = 10.0.40219.1
Project("{FAE04EC0-301F-11D3-BF4B-00C04F79EFBC}") = "17", "17\17.csproj", "{68523FCC-99CA-4B61-A8F6-A455754CA551}"
EndProject
Global
	GlobalSection(SolutionConfigurationPlatforms) = preSolution
		Debug|Any CPU = Debug|Any CPU
		Release|Any CPU = Release|Any CPU
	EndGlobalSection
	GlobalSection(ProjectConfigurationPlatforms) = postSolution
		{68523FCC-99CA-4B61-A8F6-A455754CA551}.Debug|Any CPU.ActiveCfg = Debug|Any CPU
		{68523FCC-99CA-4B61-A8F6-A455754CA551}.Debug|Any CPU.Build.0 = Debug|Any CPU
		{68523FCC-99CA-4B61-A8F6-A455754CA551}.Release|Any CPU.ActiveCfg = Release|Any CPU
		{68523FCC-99CA-4B61-A8F6-A455754CA551}.Release|Any CPU.Build.0 = Release|Any CPU
	EndGlobalSection
	GlobalSection(SolutionProperties) = preSolution
		HideSolutionNode = FALSE
	EndGlobalSection
	GlobalSection(ExtensibilityGlobals) = postSolution
		SolutionGuid = {39CF7984-1860-46FA-A693-C5897EBEC554}
	EndGlobalSection
EndGlobal
